{
	"name": "cash-cli",
	"version": "1.4.5",
	"lockfileVersion": 1,
	"requires": true,
	"dependencies": {
		"ansi-align": {
			"version": "2.0.0",
			"resolved": "https://registry.npmjs.org/ansi-align/-/ansi-align-2.0.0.tgz",
			"integrity": "sha1-w2rsy6VjuJzrVW82kPCx2eNUf38=",
			"requires": {
				"string-width": "2.1.1"
			}
		},
		"ansi-regex": {
			"version": "3.0.0",
			"resolved": "https://registry.npmjs.org/ansi-regex/-/ansi-regex-3.0.0.tgz",
			"integrity": "sha1-7QMXwyIGT3lGbAKWa922Bas32Zg="
		},
		"ansi-styles": {
			"version": "3.2.0",
			"resolved": "https://registry.npmjs.org/ansi-styles/-/ansi-styles-3.2.0.tgz",
			"integrity": "sha512-NnSOmMEYtVR2JVMIGTzynRkkaxtiq1xnFBcdQD/DnNCYPoEPsVJhM98BDyaoNOQIi7p4okdi3E27eN7GQbsUug==",
			"requires": {
				"color-convert": "1.9.1"
			}
		},
		"boxen": {
			"version": "1.2.2",
			"resolved": "https://registry.npmjs.org/boxen/-/boxen-1.2.2.tgz",
			"integrity": "sha1-Px1AMsMP/qnUsCwyLq8up0HcvOU=",
			"requires": {
				"ansi-align": "2.0.0",
				"camelcase": "4.1.0",
				"chalk": "2.3.0",
				"cli-boxes": "1.0.0",
				"string-width": "2.1.1",
				"term-size": "1.2.0",
				"widest-line": "1.0.0"
			},
			"dependencies": {
				"chalk": {
					"version": "2.3.0",
					"resolved": "https://registry.npmjs.org/chalk/-/chalk-2.3.0.tgz",
					"integrity": "sha512-Az5zJR2CBujap2rqXGaJKaPHyJ0IrUimvYNX+ncCy8PJP4ltOGTrHUIo097ZaL2zMeKYpiCdqDvS6zdrTFok3Q==",
					"requires": {
						"ansi-styles": "3.2.0",
						"escape-string-regexp": "1.0.5",
						"supports-color": "4.5.0"
					}
				}
			}
		},
		"camelcase": {
			"version": "4.1.0",
			"resolved": "https://registry.npmjs.org/camelcase/-/camelcase-4.1.0.tgz",
			"integrity": "sha1-1UVjW+HjPFQmScaRc+Xeas+uNN0="
		},
		"capture-stack-trace": {
			"version": "1.0.0",
			"resolved": "https://registry.npmjs.org/capture-stack-trace/-/capture-stack-trace-1.0.0.tgz",
			"integrity": "sha1-Sm+gc5nCa7pH8LJJa00PtAjFVQ0="
		},
		"cli-boxes": {
			"version": "1.0.0",
			"resolved": "https://registry.npmjs.org/cli-boxes/-/cli-boxes-1.0.0.tgz",
			"integrity": "sha1-T6kXw+WclKAEzWH47lCdplFocUM="
		},
		"code-point-at": {
			"version": "1.1.0",
			"resolved": "https://registry.npmjs.org/code-point-at/-/code-point-at-1.1.0.tgz",
			"integrity": "sha1-DQcLTQQ6W+ozovGkDi7bPZpMz3c="
		},
		"color-convert": {
			"version": "1.9.1",
			"resolved": "https://registry.npmjs.org/color-convert/-/color-convert-1.9.1.tgz",
			"integrity": "sha512-mjGanIiwQJskCC18rPR6OmrZ6fm2Lc7PeGFYwCmy5J34wC6F1PzdGL6xeMfmgicfYcNLGuVFA3WzXtIDCQSZxQ==",
			"requires": {
				"color-name": "1.1.3"
			}
		},
		"color-name": {
			"version": "1.1.3",
			"resolved": "https://registry.npmjs.org/color-name/-/color-name-1.1.3.tgz",
			"integrity": "sha1-p9BVi9icQveV3UIyj3QIMcpTvCU="
		},
		"configstore": {
			"version": "3.1.1",
			"resolved": "https://registry.npmjs.org/configstore/-/configstore-3.1.1.tgz",
			"integrity": "sha512-5oNkD/L++l0O6xGXxb1EWS7SivtjfGQlRyxJsYgE0Z495/L81e2h4/d3r969hoPXuFItzNOKMtsXgYG4c7dYvw==",
			"requires": {
				"dot-prop": "4.2.0",
				"graceful-fs": "4.1.11",
				"make-dir": "1.1.0",
				"unique-string": "1.0.0",
				"write-file-atomic": "2.3.0",
				"xdg-basedir": "3.0.0"
			}
		},
		"create-error-class": {
			"version": "3.0.2",
			"resolved": "https://registry.npmjs.org/create-error-class/-/create-error-class-3.0.2.tgz",
			"integrity": "sha1-Br56vvlHo/FKMP1hBnHUAbyot7Y=",
			"requires": {
				"capture-stack-trace": "1.0.0"
			}
		},
		"cross-spawn": {
			"version": "5.1.0",
			"resolved": "https://registry.npmjs.org/cross-spawn/-/cross-spawn-5.1.0.tgz",
			"integrity": "sha1-6L0O/uWPz/b4+UUQoKVUu/ojVEk=",
			"requires": {
				"lru-cache": "4.1.1",
				"shebang-command": "1.2.0",
				"which": "1.3.0"
			}
		},
		"crypto-random-string": {
			"version": "1.0.0",
			"resolved": "https://registry.npmjs.org/crypto-random-string/-/crypto-random-string-1.0.0.tgz",
			"integrity": "sha1-ojD2T1aDEOFJgAmUB5DsmVRbyn4="
		},
		"deep-extend": {
			"version": "0.4.2",
			"resolved": "https://registry.npmjs.org/deep-extend/-/deep-extend-0.4.2.tgz",
			"integrity": "sha1-SLaZwn4zS/ifEIkr5DL25MfTSn8="
		},
		"dot-prop": {
			"version": "4.2.0",
			"resolved": "https://registry.npmjs.org/dot-prop/-/dot-prop-4.2.0.tgz",
			"integrity": "sha512-tUMXrxlExSW6U2EXiiKGSBVdYgtV8qlHL+C10TsW4PURY/ic+eaysnSkwB4kA/mBlCyy/IKDJ+Lc3wbWeaXtuQ==",
			"requires": {
				"is-obj": "1.0.1"
			}
		},
		"duplexer3": {
			"version": "0.1.4",
			"resolved": "https://registry.npmjs.org/duplexer3/-/duplexer3-0.1.4.tgz",
			"integrity": "sha1-7gHdHKwO08vH/b6jfcCo8c4ALOI="
		},
		"escape-string-regexp": {
			"version": "1.0.5",
			"resolved": "https://registry.npmjs.org/escape-string-regexp/-/escape-string-regexp-1.0.5.tgz",
			"integrity": "sha1-G2HAViGQqN/2rjuyzwIAyhMLhtQ="
		},
		"execa": {
			"version": "0.7.0",
			"resolved": "https://registry.npmjs.org/execa/-/execa-0.7.0.tgz",
			"integrity": "sha1-lEvs00zEHuMqY6n68nrVpl/Fl3c=",
			"requires": {
				"cross-spawn": "5.1.0",
				"get-stream": "3.0.0",
				"is-stream": "1.1.0",
				"npm-run-path": "2.0.2",
				"p-finally": "1.0.0",
				"signal-exit": "3.0.2",
				"strip-eof": "1.0.0"
			}
		},
		"get-stream": {
			"version": "3.0.0",
			"resolved": "https://registry.npmjs.org/get-stream/-/get-stream-3.0.0.tgz",
			"integrity": "sha1-jpQ9E1jcN1VQVOy+LtsFqhdO3hQ="
		},
		"global-dirs": {
			"version": "0.1.1",
			"resolved": "https://registry.npmjs.org/global-dirs/-/global-dirs-0.1.1.tgz",
			"integrity": "sha1-sxnA3UYH81PzvpzKTHL8FIxJ9EU=",
			"requires": {
				"ini": "1.3.5"
			}
		},
		"graceful-fs": {
			"version": "4.1.11",
			"resolved": "https://registry.npmjs.org/graceful-fs/-/graceful-fs-4.1.11.tgz",
			"integrity": "sha1-Dovf5NHduIVNZOBOp8AOKgJuVlg="
		},
		"has-flag": {
			"version": "2.0.0",
			"resolved": "https://registry.npmjs.org/has-flag/-/has-flag-2.0.0.tgz",
			"integrity": "sha1-6CB68cx7MNRGzHC3NLXovhj4jVE="
		},
		"import-lazy": {
			"version": "2.1.0",
			"resolved": "https://registry.npmjs.org/import-lazy/-/import-lazy-2.1.0.tgz",
			"integrity": "sha1-BWmOPUXIjo1+nZLLBYTnfwlvPkM="
		},
		"imurmurhash": {
			"version": "0.1.4",
			"resolved": "https://registry.npmjs.org/imurmurhash/-/imurmurhash-0.1.4.tgz",
			"integrity": "sha1-khi5srkoojixPcT7a21XbyMUU+o="
		},
		"ini": {
			"version": "1.3.5",
			"resolved": "https://registry.npmjs.org/ini/-/ini-1.3.5.tgz",
			"integrity": "sha512-RZY5huIKCMRWDUqZlEi72f/lmXKMvuszcMBduliQ3nnWbx9X/ZBQO7DijMEYS9EhHBb2qacRUMtC7svLwe0lcw=="
		},
		"is-fullwidth-code-point": {
			"version": "2.0.0",
			"resolved": "https://registry.npmjs.org/is-fullwidth-code-point/-/is-fullwidth-code-point-2.0.0.tgz",
			"integrity": "sha1-o7MKXE8ZkYMWeqq5O+764937ZU8="
		},
		"is-installed-globally": {
			"version": "0.1.0",
			"resolved": "https://registry.npmjs.org/is-installed-globally/-/is-installed-globally-0.1.0.tgz",
			"integrity": "sha1-Df2Y9akRFxbdU13aZJL2e/PSWoA=",
			"requires": {
				"global-dirs": "0.1.1",
				"is-path-inside": "1.0.0"
			}
		},
		"is-npm": {
			"version": "1.0.0",
			"resolved": "https://registry.npmjs.org/is-npm/-/is-npm-1.0.0.tgz",
			"integrity": "sha1-8vtjpl5JBbQGyGBydloaTceTufQ="
		},
		"is-obj": {
			"version": "1.0.1",
			"resolved": "https://registry.npmjs.org/is-obj/-/is-obj-1.0.1.tgz",
			"integrity": "sha1-PkcprB9f3gJc19g6iW2rn09n2w8="
		},
		"is-path-inside": {
			"version": "1.0.0",
			"resolved": "https://registry.npmjs.org/is-path-inside/-/is-path-inside-1.0.0.tgz",
			"integrity": "sha1-/AbloWg/vaE95mev9xe7wQpI838=",
			"requires": {
				"path-is-inside": "1.0.2"
			}
		},
		"is-redirect": {
			"version": "1.0.0",
			"resolved": "https://registry.npmjs.org/is-redirect/-/is-redirect-1.0.0.tgz",
			"integrity": "sha1-HQPd7VO9jbDzDCbk+V02/HyH3CQ="
		},
		"is-retry-allowed": {
			"version": "1.1.0",
			"resolved": "https://registry.npmjs.org/is-retry-allowed/-/is-retry-allowed-1.1.0.tgz",
			"integrity": "sha1-EaBgVotnM5REAz0BJaYaINVk+zQ="
		},
		"is-stream": {
			"version": "1.1.0",
			"resolved": "https://registry.npmjs.org/is-stream/-/is-stream-1.1.0.tgz",
			"integrity": "sha1-EtSj3U5o4Lec6428hBc66A2RykQ="
		},
		"isexe": {
			"version": "2.0.0",
			"resolved": "https://registry.npmjs.org/isexe/-/isexe-2.0.0.tgz",
			"integrity": "sha1-6PvzdNxVb/iUehDcsFctYz8s+hA="
		},
		"latest-version": {
			"version": "3.1.0",
			"resolved": "https://registry.npmjs.org/latest-version/-/latest-version-3.1.0.tgz",
			"integrity": "sha1-ogU4P+oyKzO1rjsYq+4NwvNW7hU=",
			"requires": {
				"package-json": "4.0.1"
			}
		},
		"lowercase-keys": {
			"version": "1.0.0",
			"resolved": "https://registry.npmjs.org/lowercase-keys/-/lowercase-keys-1.0.0.tgz",
			"integrity": "sha1-TjNms55/VFfjXxMkvfb4jQv8cwY="
		},
		"lru-cache": {
			"version": "4.1.1",
			"resolved": "https://registry.npmjs.org/lru-cache/-/lru-cache-4.1.1.tgz",
			"integrity": "sha512-q4spe4KTfsAS1SUHLO0wz8Qiyf1+vMIAgpRYioFYDMNqKfHQbg+AVDH3i4fvpl71/P1L0dBl+fQi+P37UYf0ew==",
			"requires": {
				"pseudomap": "1.0.2",
				"yallist": "2.1.2"
			}
		},
		"make-dir": {
			"version": "1.1.0",
			"resolved": "https://registry.npmjs.org/make-dir/-/make-dir-1.1.0.tgz",
			"integrity": "sha512-0Pkui4wLJ7rxvmfUvs87skoEaxmu0hCUApF8nonzpl7q//FWp9zu8W61Scz4sd/kUiqDxvUhtoam2efDyiBzcA==",
			"requires": {
				"pify": "3.0.0"
			}
		},
		"minimist": {
			"version": "1.2.0",
			"resolved": "https://registry.npmjs.org/minimist/-/minimist-1.2.0.tgz",
			"integrity": "sha1-o1AIsg9BOD7sH7kU9M1d95omQoQ="
		},
		"npm-run-path": {
			"version": "2.0.2",
			"resolved": "https://registry.npmjs.org/npm-run-path/-/npm-run-path-2.0.2.tgz",
			"integrity": "sha1-NakjLfo11wZ7TLLd8jV7GHFTbF8=",
			"requires": {
				"path-key": "2.0.1"
			}
		},
		"number-is-nan": {
			"version": "1.0.1",
			"resolved": "https://registry.npmjs.org/number-is-nan/-/number-is-nan-1.0.1.tgz",
			"integrity": "sha1-CXtgK1NCKlIsGvuHkDGDNpQaAR0="
		},
		"p-finally": {
			"version": "1.0.0",
			"resolved": "https://registry.npmjs.org/p-finally/-/p-finally-1.0.0.tgz",
			"integrity": "sha1-P7z7FbiZpEEjs0ttzBi3JDNqLK4="
		},
		"package-json": {
			"version": "4.0.1",
			"resolved": "https://registry.npmjs.org/package-json/-/package-json-4.0.1.tgz",
			"integrity": "sha1-iGmgQBJTZhxMTKPabCEh7VVfXu0=",
			"requires": {
				"got": "6.7.1",
				"registry-auth-token": "3.3.1",
				"registry-url": "3.1.0",
				"semver": "5.4.1"
			},
			"dependencies": {
				"got": {
					"version": "6.7.1",
					"resolved": "https://registry.npmjs.org/got/-/got-6.7.1.tgz",
					"integrity": "sha1-JAzQV4WpoY5WHcG0S0HHY+8ejbA=",
					"requires": {
						"create-error-class": "3.0.2",
						"duplexer3": "0.1.4",
						"get-stream": "3.0.0",
						"is-redirect": "1.0.0",
						"is-retry-allowed": "1.1.0",
						"is-stream": "1.1.0",
						"lowercase-keys": "1.0.0",
						"safe-buffer": "5.1.1",
						"timed-out": "4.0.1",
						"unzip-response": "2.0.1",
						"url-parse-lax": "1.0.0"
					}
				}
			}
		},
		"path-is-inside": {
			"version": "1.0.2",
			"resolved": "https://registry.npmjs.org/path-is-inside/-/path-is-inside-1.0.2.tgz",
			"integrity": "sha1-NlQX3t5EQw0cEa9hAn+s8HS9/FM="
		},
		"path-key": {
			"version": "2.0.1",
			"resolved": "https://registry.npmjs.org/path-key/-/path-key-2.0.1.tgz",
			"integrity": "sha1-QRyttXTFoUDTpLGRDUDYDMn0C0A="
		},
		"pify": {
			"version": "3.0.0",
			"resolved": "https://registry.npmjs.org/pify/-/pify-3.0.0.tgz",
			"integrity": "sha1-5aSs0sEB/fPZpNB/DbxNtJ3SgXY="
		},
		"prepend-http": {
			"version": "1.0.4",
			"resolved": "https://registry.npmjs.org/prepend-http/-/prepend-http-1.0.4.tgz",
			"integrity": "sha1-1PRWKwzjaW5BrFLQ4ALlemNdxtw="
		},
		"pseudomap": {
			"version": "1.0.2",
			"resolved": "https://registry.npmjs.org/pseudomap/-/pseudomap-1.0.2.tgz",
			"integrity": "sha1-8FKijacOYYkX7wqKw0wa5aaChrM="
		},
		"rc": {
			"version": "1.2.2",
			"resolved": "https://registry.npmjs.org/rc/-/rc-1.2.2.tgz",
			"integrity": "sha1-2M6ctX6NZNnHut2YdsfDTL48cHc=",
			"requires": {
				"deep-extend": "0.4.2",
				"ini": "1.3.5",
				"minimist": "1.2.0",
				"strip-json-comments": "2.0.1"
			}
		},
		"registry-auth-token": {
			"version": "3.3.1",
			"resolved": "https://registry.npmjs.org/registry-auth-token/-/registry-auth-token-3.3.1.tgz",
			"integrity": "sha1-+w0yie4Nmtosu1KvXf5mywcNMAY=",
			"requires": {
				"rc": "1.2.2",
				"safe-buffer": "5.1.1"
			}
		},
		"registry-url": {
			"version": "3.1.0",
			"resolved": "https://registry.npmjs.org/registry-url/-/registry-url-3.1.0.tgz",
			"integrity": "sha1-PU74cPc93h138M+aOBQyRE4XSUI=",
			"requires": {
				"rc": "1.2.2"
			}
		},
		"safe-buffer": {
			"version": "5.1.1",
			"resolved": "https://registry.npmjs.org/safe-buffer/-/safe-buffer-5.1.1.tgz",
			"integrity": "sha512-kKvNJn6Mm93gAczWVJg7wH+wGYWNrDHdWvpUmHyEsgCtIwwo3bqPtV4tR5tuPaUhTOo/kvhVwd8XwwOllGYkbg=="
		},
		"semver": {
			"version": "5.4.1",
			"resolved": "https://registry.npmjs.org/semver/-/semver-5.4.1.tgz",
			"integrity": "sha512-WfG/X9+oATh81XtllIo/I8gOiY9EXRdv1cQdyykeXK17YcUW3EXUAi2To4pcH6nZtJPr7ZOpM5OMyWJZm+8Rsg=="
		},
		"semver-diff": {
			"version": "2.1.0",
			"resolved": "https://registry.npmjs.org/semver-diff/-/semver-diff-2.1.0.tgz",
			"integrity": "sha1-S7uEN8jTfksM8aaP1ybsbWRdbTY=",
			"requires": {
				"semver": "5.4.1"
			}
		},
		"shebang-command": {
			"version": "1.2.0",
			"resolved": "https://registry.npmjs.org/shebang-command/-/shebang-command-1.2.0.tgz",
			"integrity": "sha1-RKrGW2lbAzmJaMOfNj/uXer98eo=",
			"requires": {
				"shebang-regex": "1.0.0"
			}
		},
		"shebang-regex": {
			"version": "1.0.0",
			"resolved": "https://registry.npmjs.org/shebang-regex/-/shebang-regex-1.0.0.tgz",
			"integrity": "sha1-2kL0l0DAtC2yypcoVxyxkMmO/qM="
		},
		"signal-exit": {
			"version": "3.0.2",
			"resolved": "https://registry.npmjs.org/signal-exit/-/signal-exit-3.0.2.tgz",
			"integrity": "sha1-tf3AjxKH6hF4Yo5BXiUTK3NkbG0="
		},
		"string-width": {
			"version": "2.1.1",
			"resolved": "https://registry.npmjs.org/string-width/-/string-width-2.1.1.tgz",
			"integrity": "sha512-nOqH59deCq9SRHlxq1Aw85Jnt4w6KvLKqWVik6oA9ZklXLNIOlqg4F2yrT1MVaTjAqvVwdfeZ7w7aCvJD7ugkw==",
			"requires": {
				"is-fullwidth-code-point": "2.0.0",
				"strip-ansi": "4.0.0"
			}
		},
		"strip-ansi": {
			"version": "4.0.0",
			"resolved": "https://registry.npmjs.org/strip-ansi/-/strip-ansi-4.0.0.tgz",
			"integrity": "sha1-qEeQIusaw2iocTibY1JixQXuNo8=",
			"requires": {
				"ansi-regex": "3.0.0"
			}
		},
		"strip-eof": {
			"version": "1.0.0",
			"resolved": "https://registry.npmjs.org/strip-eof/-/strip-eof-1.0.0.tgz",
			"integrity": "sha1-u0P/VZim6wXYm1n80SnJgzE2Br8="
		},
		"strip-json-comments": {
			"version": "2.0.1",
			"resolved": "https://registry.npmjs.org/strip-json-comments/-/strip-json-comments-2.0.1.tgz",
			"integrity": "sha1-PFMZQukIwml8DsNEhYwobHygpgo="
		},
		"supports-color": {
			"version": "4.5.0",
			"resolved": "https://registry.npmjs.org/supports-color/-/supports-color-4.5.0.tgz",
			"integrity": "sha1-vnoN5ITexcXN34s9WRJQRJEvY1s=",
			"requires": {
				"has-flag": "2.0.0"
			}
		},
		"term-size": {
			"version": "1.2.0",
			"resolved": "https://registry.npmjs.org/term-size/-/term-size-1.2.0.tgz",
			"integrity": "sha1-RYuDiH8oj8Vtb/+/rSYuJmOO+mk=",
			"requires": {
				"execa": "0.7.0"
			}
		},
		"timed-out": {
			"version": "4.0.1",
			"resolved": "https://registry.npmjs.org/timed-out/-/timed-out-4.0.1.tgz",
			"integrity": "sha1-8y6srFoXW+ol1/q1Zas+2HQe9W8="
		},
		"unique-string": {
			"version": "1.0.0",
			"resolved": "https://registry.npmjs.org/unique-string/-/unique-string-1.0.0.tgz",
			"integrity": "sha1-nhBXzKhRq7kzmPizOuGHuZyuwRo=",
			"requires": {
				"crypto-random-string": "1.0.0"
			}
		},
		"unzip-response": {
			"version": "2.0.1",
			"resolved": "https://registry.npmjs.org/unzip-response/-/unzip-response-2.0.1.tgz",
			"integrity": "sha1-0vD3N9FrBhXnKmk17QQhRXLVb5c="
		},
		"update-notifier": {
			"version": "2.3.0",
			"resolved": "https://registry.npmjs.org/update-notifier/-/update-notifier-2.3.0.tgz",
			"integrity": "sha1-TognpruRUUCrCTVZ1wFOPruDdFE=",
			"requires": {
				"boxen": "1.2.2",
				"chalk": "2.3.0",
				"configstore": "3.1.1",
				"import-lazy": "2.1.0",
				"is-installed-globally": "0.1.0",
				"is-npm": "1.0.0",
				"latest-version": "3.1.0",
				"semver-diff": "2.1.0",
				"xdg-basedir": "3.0.0"
			},
			"dependencies": {
				"chalk": {
					"version": "2.3.0",
					"resolved": "https://registry.npmjs.org/chalk/-/chalk-2.3.0.tgz",
					"integrity": "sha512-Az5zJR2CBujap2rqXGaJKaPHyJ0IrUimvYNX+ncCy8PJP4ltOGTrHUIo097ZaL2zMeKYpiCdqDvS6zdrTFok3Q==",
					"requires": {
						"ansi-styles": "3.2.0",
						"escape-string-regexp": "1.0.5",
						"supports-color": "4.5.0"
					}
				}
			}
		},
		"url-parse-lax": {
			"version": "1.0.0",
			"resolved": "https://registry.npmjs.org/url-parse-lax/-/url-parse-lax-1.0.0.tgz",
			"integrity": "sha1-evjzA2Rem9eaJy56FKxovAYJ2nM=",
			"requires": {
				"prepend-http": "1.0.4"
			}
		},
		"which": {
			"version": "1.3.0",
			"resolved": "https://registry.npmjs.org/which/-/which-1.3.0.tgz",
			"integrity": "sha512-xcJpopdamTuY5duC/KnTTNBraPK54YwpenP4lzxU8H91GudWpFv38u0CKjclE1Wi2EH2EDz5LRcHcKbCIzqGyg==",
			"requires": {
				"isexe": "2.0.0"
			}
		},
		"widest-line": {
			"version": "1.0.0",
			"resolved": "https://registry.npmjs.org/widest-line/-/widest-line-1.0.0.tgz",
			"integrity": "sha1-DAnIXCqUaD0Nfq+O4JfVZL8OEFw=",
			"requires": {
				"string-width": "1.0.2"
			},
			"dependencies": {
				"ansi-regex": {
					"version": "2.1.1",
					"resolved": "https://registry.npmjs.org/ansi-regex/-/ansi-regex-2.1.1.tgz",
					"integrity": "sha1-w7M6te42DYbg5ijwRorn7yfWVN8="
				},
				"is-fullwidth-code-point": {
					"version": "1.0.0",
					"resolved": "https://registry.npmjs.org/is-fullwidth-code-point/-/is-fullwidth-code-point-1.0.0.tgz",
					"integrity": "sha1-754xOG8DGn8NZDr4L95QxFfvAMs=",
					"requires": {
						"number-is-nan": "1.0.1"
					}
				},
				"string-width": {
					"version": "1.0.2",
					"resolved": "https://registry.npmjs.org/string-width/-/string-width-1.0.2.tgz",
					"integrity": "sha1-EYvfW4zcUaKn5w0hHgfisLmxB9M=",
					"requires": {
						"code-point-at": "1.1.0",
						"is-fullwidth-code-point": "1.0.0",
						"strip-ansi": "3.0.1"
					}
				},
				"strip-ansi": {
					"version": "3.0.1",
					"resolved": "https://registry.npmjs.org/strip-ansi/-/strip-ansi-3.0.1.tgz",
					"integrity": "sha1-ajhfuIU9lS1f8F0Oiq+UJ43GPc8=",
					"requires": {
						"ansi-regex": "2.1.1"
					}
				}
			}
		},
		"write-file-atomic": {
			"version": "2.3.0",
			"resolved": "https://registry.npmjs.org/write-file-atomic/-/write-file-atomic-2.3.0.tgz",
			"integrity": "sha512-xuPeK4OdjWqtfi59ylvVL0Yn35SF3zgcAcv7rBPFHVaEapaDr4GdGgm3j7ckTwH9wHL7fGmgfAnb0+THrHb8tA==",
			"requires": {
				"graceful-fs": "4.1.11",
				"imurmurhash": "0.1.4",
				"signal-exit": "3.0.2"
			}
		},
		"xdg-basedir": {
			"version": "3.0.0",
			"resolved": "https://registry.npmjs.org/xdg-basedir/-/xdg-basedir-3.0.0.tgz",
			"integrity": "sha1-SWsswQnsqNus/i3HK2A8F8WHCtQ="
		},
		"yallist": {
			"version": "2.1.2",
			"resolved": "https://registry.npmjs.org/yallist/-/yallist-2.1.2.tgz",
			"integrity": "sha1-HBH5IY8HYImkfdUS+TxmmaaoHVI="
		}
	}
}
